
Microsoft Visual Studio Solution File, Format Version 12.00
# Visual Studio Version 17
VisualStudioVersion = 17.14.36121.58 d17.14
MinimumVisualStudioVersion = 10.0.40219.1
Project("{FAE04EC0-301F-11D3-BF4B-00C04F79EFBC}") = "Ejercicios_ParadigmaLogica", "Ejercicios_ParadigmaLogica\Ejercicios_ParadigmaLogica.csproj", "{DA7D5051-F2CA-4AF4-B09E-06F1E2D0660A}"
EndProject
Global
	GlobalSection(SolutionConfigurationPlatforms) = preSolution
		Debug|Any CPU = Debug|Any CPU
		Release|Any CPU = Release|Any CPU
	EndGlobalSection
	GlobalSection(ProjectConfigurationPlatforms) = postSolution
		{DA7D5051-F2CA-4AF4-B09E-06F1E2D0660A}.Debug|Any CPU.ActiveCfg = Debug|Any CPU
		{DA7D5051-F2CA-4AF4-B09E-06F1E2D0660A}.Debug|Any CPU.Build.0 = Debug|Any CPU
		{DA7D5051-F2CA-4AF4-B09E-06F1E2D0660A}.Release|Any CPU.ActiveCfg = Release|Any CPU
		{DA7D5051-F2CA-4AF4-B09E-06F1E2D0660A}.Release|Any CPU.Build.0 = Release|Any CPU
	EndGlobalSection
	GlobalSection(SolutionProperties) = preSolution
		HideSolutionNode = FALSE
	EndGlobalSection
	GlobalSection(ExtensibilityGlobals) = postSolution
		SolutionGuid = {E5911DEB-06BF-475E-AAAC-493BDCA3A4C7}
	EndGlobalSection
EndGlobal
